{
  "version": 4,
  "terraform_version": "0.14.7",
  "serial": 9,
  "lineage": "8611838f-d399-5eb8-c885-db32e6cd0d4b",
  "outputs": {},
  "resources": [
    {
      "mode": "data",
      "type": "azurerm_storage_account_sas",
      "name": "sas",
      "provider": "provider[\"registry.terraform.io/hashicorp/azurerm\"]",
      "instances": [
        {
          "schema_version": 0,
          "attributes": {
            "connection_string": "DefaultEndpointsProtocol=https;AccountName=7i177r2u3m53m0af8h0qt9al;AccountKey=Np/cR/zE+hA7i16qZ6HzrGFWEh0DF4w7c5jXUbXaZIdS9945MXJYhjxdmO34Vg78A8Ls+AqAPC20Ak0+mOBitQ==;EndpointSuffix=core.windows.net",
            "expiry": "2021-12-31",
            "https_only": true,
            "id": "e027949ed7b1a70b82323f12575bf25d018713c9ce475c5b517789ea04b47fca",
            "permissions": [
              {
                "add": false,
                "create": false,
                "delete": false,
                "list": false,
                "process": false,
                "read": true,
                "update": false,
                "write": false
              }
            ],
            "resource_types": [
              {
                "container": false,
                "object": true,
                "service": false
              }
            ],
            "sas": "?sv=2017-07-29\u0026ss=b\u0026srt=o\u0026sp=r\u0026se=2021-12-31\u0026st=2019-01-01\u0026spr=https\u0026sig=W5GkCtGzA2vBZxfPCFyKQFprtzLJpk1mLEFUkyObdp4%3D",
            "services": [
              {
                "blob": true,
                "file": false,
                "queue": false,
                "table": false
              }
            ],
            "signed_version": "2017-07-29",
            "start": "2019-01-01",
            "timeouts": null
          },
          "sensitive_attributes": []
        }
      ]
    },
    {
      "mode": "managed",
      "type": "azurerm_app_service_plan",
      "name": "asp",
      "provider": "provider[\"registry.terraform.io/hashicorp/azurerm\"]",
      "instances": [
        {
          "schema_version": 0,
          "attributes": {
            "app_service_environment_id": "",
            "id": "/subscriptions/3bacfb76-47a5-4e28-8359-cc2ba8d0c111/resourceGroups/BringMeTheWorld-dev/providers/Microsoft.Web/serverfarms/BringMeTheWorld-plan",
            "is_xenon": false,
            "kind": "functionapp",
            "location": "westus",
            "maximum_elastic_worker_count": 1,
            "maximum_number_of_workers": 0,
            "name": "BringMeTheWorld-plan",
            "per_site_scaling": false,
            "reserved": false,
            "resource_group_name": "BringMeTheWorld-dev",
            "sku": [
              {
                "capacity": 0,
                "size": "Y1",
                "tier": "Dynamic"
              }
            ],
            "tags": null,
            "timeouts": null
          },
          "sensitive_attributes": [],
          "private": "eyJlMmJmYjczMC1lY2FhLTExZTYtOGY4OC0zNDM2M2JjN2M0YzAiOnsiY3JlYXRlIjozNjAwMDAwMDAwMDAwLCJkZWxldGUiOjM2MDAwMDAwMDAwMDAsInJlYWQiOjMwMDAwMDAwMDAwMCwidXBkYXRlIjozNjAwMDAwMDAwMDAwfX0=",
          "dependencies": [
            "azurerm_resource_group.rg"
          ]
        }
      ]
    },
    {
      "mode": "managed",
      "type": "azurerm_function_app",
      "name": "functions",
      "provider": "provider[\"registry.terraform.io/hashicorp/azurerm\"]",
      "instances": [
        {
          "schema_version": 0,
          "attributes": {
            "app_service_plan_id": "/subscriptions/3bacfb76-47a5-4e28-8359-cc2ba8d0c111/resourceGroups/BringMeTheWorld-dev/providers/Microsoft.Web/serverfarms/BringMeTheWorld-plan",
            "app_settings": {
              "FUNCTIONS_WORKER_RUNTIME": "node",
              "FUNCTION_APP_EDIT_MODE": "readonly",
              "HASH": "MmFlN2I2NGI3ZDhiNzU0YThkYzNmMjhmYjlhYjczZWY4ZjJhM2E3OTBiM2Y0NTllNzRkYjA3NDFlMGUyODE4ZA==",
              "WEBSITE_NODE_DEFAULT_VERSION": "~10",
              "WEBSITE_RUN_FROM_PACKAGE": "https://7i177r2u3m53m0af8h0qt9al.blob.core.windows.net/function-releases/functionapp.zip?sv=2017-07-29\u0026ss=b\u0026srt=o\u0026sp=r\u0026se=2021-12-31\u0026st=2019-01-01\u0026spr=https\u0026sig=W5GkCtGzA2vBZxfPCFyKQFprtzLJpk1mLEFUkyObdp4%3D",
              "https_only": "true"
            },
            "auth_settings": [
              {
                "active_directory": [],
                "additional_login_params": {},
                "allowed_external_redirect_urls": [],
                "default_provider": "",
                "enabled": false,
                "facebook": [],
                "google": [],
                "issuer": "",
                "microsoft": [],
                "runtime_version": "",
                "token_refresh_extension_hours": 0,
                "token_store_enabled": false,
                "twitter": [],
                "unauthenticated_client_action": ""
              }
            ],
            "client_affinity_enabled": false,
            "connection_string": [],
            "custom_domain_verification_id": "C76ABDC265B2C0F98CE55A0CAD4103EC39F9E3AF91F4C2409601F2A68E7A054A",
            "daily_memory_time_quota": 0,
            "default_hostname": "bringmetheworld-dev.azurewebsites.net",
            "enable_builtin_logging": true,
            "enabled": true,
            "https_only": false,
            "id": "/subscriptions/3bacfb76-47a5-4e28-8359-cc2ba8d0c111/resourceGroups/BringMeTheWorld-dev/providers/Microsoft.Web/sites/BringMeTheWorld-dev",
            "identity": [],
            "kind": "functionapp",
            "location": "westus",
            "name": "BringMeTheWorld-dev",
            "os_type": "",
            "outbound_ip_addresses": "13.88.81.111,13.88.84.95,13.88.86.81,13.88.87.93,13.83.144.104,13.83.145.146,40.82.255.131",
            "possible_outbound_ip_addresses": "13.88.81.111,13.88.84.95,13.88.86.81,13.88.87.93,13.83.144.104,13.83.145.146,13.83.146.9,13.83.147.43,13.83.148.114,13.83.151.29,13.86.136.96,13.86.136.123,13.86.136.181,13.86.136.217,13.86.137.151,13.86.137.203,13.86.138.71,13.86.138.178,13.86.138.221,13.86.141.7,13.86.141.166,13.86.142.62,13.86.142.66,13.86.142.87,13.86.143.76,13.86.143.112,13.86.143.182,13.86.137.194,13.86.138.2,13.86.138.238,40.82.255.131",
            "resource_group_name": "BringMeTheWorld-dev",
            "site_config": [
              {
                "always_on": false,
                "auto_swap_slot_name": "",
                "cors": [
                  {
                    "allowed_origins": [
                      "https://functions-next.azure.com",
                      "https://functions-staging.azure.com",
                      "https://functions.azure.com"
                    ],
                    "support_credentials": false
                  }
                ],
                "ftps_state": "AllAllowed",
                "health_check_path": "",
                "http2_enabled": false,
                "ip_restriction": [],
                "linux_fx_version": "",
                "min_tls_version": "1.2",
                "pre_warmed_instance_count": 0,
                "scm_ip_restriction": [],
                "scm_type": "None",
                "scm_use_main_ip_restriction": false,
                "use_32_bit_worker_process": true,
                "websockets_enabled": false
              }
            ],
            "site_credential": [
              {
                "password": "K5z2zD7gT4eL2T733tijdAd2jar2nownAk2xnRuiSfk0QuuMimD3mM9quTux",
                "username": "$BringMeTheWorld-dev"
              }
            ],
            "source_control": [
              {
                "branch": "master",
                "manual_integration": false,
                "repo_url": "",
                "rollback_enabled": false,
                "use_mercurial": false
              }
            ],
            "storage_account_access_key": "Np/cR/zE+hA7i16qZ6HzrGFWEh0DF4w7c5jXUbXaZIdS9945MXJYhjxdmO34Vg78A8Ls+AqAPC20Ak0+mOBitQ==",
            "storage_account_name": "7i177r2u3m53m0af8h0qt9al",
            "storage_connection_string": "DefaultEndpointsProtocol=https;AccountName=7i177r2u3m53m0af8h0qt9al;AccountKey=Np/cR/zE+hA7i16qZ6HzrGFWEh0DF4w7c5jXUbXaZIdS9945MXJYhjxdmO34Vg78A8Ls+AqAPC20Ak0+mOBitQ==;EndpointSuffix=core.windows.net",
            "tags": null,
            "timeouts": null,
            "version": "~2"
          },
          "sensitive_attributes": [],
          "private": "eyJlMmJmYjczMC1lY2FhLTExZTYtOGY4OC0zNDM2M2JjN2M0YzAiOnsiY3JlYXRlIjoxODAwMDAwMDAwMDAwLCJkZWxldGUiOjE4MDAwMDAwMDAwMDAsInJlYWQiOjMwMDAwMDAwMDAwMCwidXBkYXRlIjoxODAwMDAwMDAwMDAwfX0=",
          "dependencies": [
            "azurerm_app_service_plan.asp",
            "azurerm_resource_group.rg",
            "azurerm_storage_account.storage",
            "azurerm_storage_blob.appcode",
            "azurerm_storage_container.deployments",
            "data.azurerm_storage_account_sas.sas",
            "random_string.storage_name"
          ]
        }
      ]
    },
    {
      "mode": "managed",
      "type": "azurerm_resource_group",
      "name": "rg",
      "provider": "provider[\"registry.terraform.io/hashicorp/azurerm\"]",
      "instances": [
        {
          "schema_version": 0,
          "attributes": {
            "id": "/subscriptions/3bacfb76-47a5-4e28-8359-cc2ba8d0c111/resourceGroups/BringMeTheWorld-dev",
            "location": "westus",
            "name": "BringMeTheWorld-dev",
            "tags": null,
            "timeouts": null
          },
          "sensitive_attributes": [],
          "private": "eyJlMmJmYjczMC1lY2FhLTExZTYtOGY4OC0zNDM2M2JjN2M0YzAiOnsiY3JlYXRlIjo1NDAwMDAwMDAwMDAwLCJkZWxldGUiOjU0MDAwMDAwMDAwMDAsInJlYWQiOjMwMDAwMDAwMDAwMCwidXBkYXRlIjo1NDAwMDAwMDAwMDAwfX0="
        }
      ]
    },
    {
      "mode": "managed",
      "type": "azurerm_storage_account",
      "name": "storage",
      "provider": "provider[\"registry.terraform.io/hashicorp/azurerm\"]",
      "instances": [
        {
          "schema_version": 2,
          "attributes": {
            "access_tier": "Hot",
            "account_kind": "StorageV2",
            "account_replication_type": "LRS",
            "account_tier": "Standard",
            "allow_blob_public_access": false,
            "blob_properties": [],
            "custom_domain": [],
            "enable_https_traffic_only": true,
            "id": "/subscriptions/3bacfb76-47a5-4e28-8359-cc2ba8d0c111/resourceGroups/BringMeTheWorld-dev/providers/Microsoft.Storage/storageAccounts/7i177r2u3m53m0af8h0qt9al",
            "identity": [],
            "is_hns_enabled": false,
            "large_file_share_enabled": null,
            "location": "westus",
            "min_tls_version": "TLS1_0",
            "name": "7i177r2u3m53m0af8h0qt9al",
            "network_rules": [
              {
                "bypass": [
                  "AzureServices"
                ],
                "default_action": "Allow",
                "ip_rules": [],
                "virtual_network_subnet_ids": []
              }
            ],
            "primary_access_key": "Np/cR/zE+hA7i16qZ6HzrGFWEh0DF4w7c5jXUbXaZIdS9945MXJYhjxdmO34Vg78A8Ls+AqAPC20Ak0+mOBitQ==",
            "primary_blob_connection_string": "DefaultEndpointsProtocol=https;BlobEndpoint=https://7i177r2u3m53m0af8h0qt9al.blob.core.windows.net/;AccountName=7i177r2u3m53m0af8h0qt9al;AccountKey=Np/cR/zE+hA7i16qZ6HzrGFWEh0DF4w7c5jXUbXaZIdS9945MXJYhjxdmO34Vg78A8Ls+AqAPC20Ak0+mOBitQ==",
            "primary_blob_endpoint": "https://7i177r2u3m53m0af8h0qt9al.blob.core.windows.net/",
            "primary_blob_host": "7i177r2u3m53m0af8h0qt9al.blob.core.windows.net",
            "primary_connection_string": "DefaultEndpointsProtocol=https;AccountName=7i177r2u3m53m0af8h0qt9al;AccountKey=Np/cR/zE+hA7i16qZ6HzrGFWEh0DF4w7c5jXUbXaZIdS9945MXJYhjxdmO34Vg78A8Ls+AqAPC20Ak0+mOBitQ==;EndpointSuffix=core.windows.net",
            "primary_dfs_endpoint": "https://7i177r2u3m53m0af8h0qt9al.dfs.core.windows.net/",
            "primary_dfs_host": "7i177r2u3m53m0af8h0qt9al.dfs.core.windows.net",
            "primary_file_endpoint": "https://7i177r2u3m53m0af8h0qt9al.file.core.windows.net/",
            "primary_file_host": "7i177r2u3m53m0af8h0qt9al.file.core.windows.net",
            "primary_location": "westus",
            "primary_queue_endpoint": "https://7i177r2u3m53m0af8h0qt9al.queue.core.windows.net/",
            "primary_queue_host": "7i177r2u3m53m0af8h0qt9al.queue.core.windows.net",
            "primary_table_endpoint": "https://7i177r2u3m53m0af8h0qt9al.table.core.windows.net/",
            "primary_table_host": "7i177r2u3m53m0af8h0qt9al.table.core.windows.net",
            "primary_web_endpoint": "https://7i177r2u3m53m0af8h0qt9al.z22.web.core.windows.net/",
            "primary_web_host": "7i177r2u3m53m0af8h0qt9al.z22.web.core.windows.net",
            "queue_properties": [
              {
                "cors_rule": [],
                "hour_metrics": [
                  {
                    "enabled": true,
                    "include_apis": true,
                    "retention_policy_days": 7,
                    "version": "1.0"
                  }
                ],
                "logging": [
                  {
                    "delete": false,
                    "read": false,
                    "retention_policy_days": 0,
                    "version": "1.0",
                    "write": false
                  }
                ],
                "minute_metrics": [
                  {
                    "enabled": false,
                    "include_apis": false,
                    "retention_policy_days": 0,
                    "version": "1.0"
                  }
                ]
              }
            ],
            "resource_group_name": "BringMeTheWorld-dev",
            "secondary_access_key": "pjl5ERVfcw0JTOwaxIR0ctIqdHRGHbSKkItU2rDxeq8D5W/HyVyam7kKLiQFdV/J1k9c+wF89HtzNLF+ayh8yA==",
            "secondary_blob_connection_string": "",
            "secondary_blob_endpoint": null,
            "secondary_blob_host": null,
            "secondary_connection_string": "DefaultEndpointsProtocol=https;AccountName=7i177r2u3m53m0af8h0qt9al;AccountKey=pjl5ERVfcw0JTOwaxIR0ctIqdHRGHbSKkItU2rDxeq8D5W/HyVyam7kKLiQFdV/J1k9c+wF89HtzNLF+ayh8yA==;EndpointSuffix=core.windows.net",
            "secondary_dfs_endpoint": null,
            "secondary_dfs_host": null,
            "secondary_file_endpoint": null,
            "secondary_file_host": null,
            "secondary_location": "",
            "secondary_queue_endpoint": null,
            "secondary_queue_host": null,
            "secondary_table_endpoint": null,
            "secondary_table_host": null,
            "secondary_web_endpoint": null,
            "secondary_web_host": null,
            "static_website": [],
            "tags": null,
            "timeouts": null
          },
          "sensitive_attributes": [],
          "private": "eyJlMmJmYjczMC1lY2FhLTExZTYtOGY4OC0zNDM2M2JjN2M0YzAiOnsiY3JlYXRlIjozNjAwMDAwMDAwMDAwLCJkZWxldGUiOjM2MDAwMDAwMDAwMDAsInJlYWQiOjMwMDAwMDAwMDAwMCwidXBkYXRlIjozNjAwMDAwMDAwMDAwfSwic2NoZW1hX3ZlcnNpb24iOiIyIn0=",
          "dependencies": [
            "azurerm_resource_group.rg",
            "random_string.storage_name"
          ]
        }
      ]
    },
    {
      "mode": "managed",
      "type": "azurerm_storage_blob",
      "name": "appcode",
      "provider": "provider[\"registry.terraform.io/hashicorp/azurerm\"]",
      "instances": [
        {
          "schema_version": 1,
          "attributes": {
            "access_tier": "Hot",
            "content_md5": "",
            "content_type": "application/octet-stream",
            "id": "https://7i177r2u3m53m0af8h0qt9al.blob.core.windows.net/function-releases/functionapp.zip",
            "metadata": {},
            "name": "functionapp.zip",
            "parallelism": 8,
            "size": 0,
            "source": "../BringMeTheWorld.zip",
            "source_content": null,
            "source_uri": null,
            "storage_account_name": "7i177r2u3m53m0af8h0qt9al",
            "storage_container_name": "function-releases",
            "timeouts": null,
            "type": "Block",
            "url": "https://7i177r2u3m53m0af8h0qt9al.blob.core.windows.net/function-releases/functionapp.zip"
          },
          "sensitive_attributes": [],
          "private": "eyJlMmJmYjczMC1lY2FhLTExZTYtOGY4OC0zNDM2M2JjN2M0YzAiOnsiY3JlYXRlIjoxODAwMDAwMDAwMDAwLCJkZWxldGUiOjE4MDAwMDAwMDAwMDAsInJlYWQiOjMwMDAwMDAwMDAwMCwidXBkYXRlIjoxODAwMDAwMDAwMDAwfSwic2NoZW1hX3ZlcnNpb24iOiIxIn0=",
          "dependencies": [
            "azurerm_resource_group.rg",
            "azurerm_storage_account.storage",
            "azurerm_storage_container.deployments",
            "random_string.storage_name"
          ]
        }
      ]
    },
    {
      "mode": "managed",
      "type": "azurerm_storage_container",
      "name": "deployments",
      "provider": "provider[\"registry.terraform.io/hashicorp/azurerm\"]",
      "instances": [
        {
          "schema_version": 1,
          "attributes": {
            "container_access_type": "private",
            "has_immutability_policy": false,
            "has_legal_hold": false,
            "id": "https://7i177r2u3m53m0af8h0qt9al.blob.core.windows.net/function-releases",
            "metadata": {},
            "name": "function-releases",
            "resource_manager_id": "/subscriptions/3bacfb76-47a5-4e28-8359-cc2ba8d0c111/resourceGroups/BringMeTheWorld-dev/providers/Microsoft.Storage/storageAccounts/7i177r2u3m53m0af8h0qt9al/blobServices/default/containers/function-releases",
            "storage_account_name": "7i177r2u3m53m0af8h0qt9al",
            "timeouts": null
          },
          "sensitive_attributes": [],
          "private": "eyJlMmJmYjczMC1lY2FhLTExZTYtOGY4OC0zNDM2M2JjN2M0YzAiOnsiY3JlYXRlIjoxODAwMDAwMDAwMDAwLCJkZWxldGUiOjE4MDAwMDAwMDAwMDAsInJlYWQiOjMwMDAwMDAwMDAwMCwidXBkYXRlIjoxODAwMDAwMDAwMDAwfSwic2NoZW1hX3ZlcnNpb24iOiIxIn0=",
          "dependencies": [
            "azurerm_resource_group.rg",
            "azurerm_storage_account.storage",
            "random_string.storage_name"
          ]
        }
      ]
    },
    {
      "mode": "managed",
      "type": "random_string",
      "name": "storage_name",
      "provider": "provider[\"registry.terraform.io/hashicorp/random\"]",
      "instances": [
        {
          "schema_version": 1,
          "attributes": {
            "id": "7i177r2u3m53m0af8h0qt9al",
            "keepers": null,
            "length": 24,
            "lower": true,
            "min_lower": 0,
            "min_numeric": 0,
            "min_special": 0,
            "min_upper": 0,
            "number": true,
            "override_special": null,
            "result": "7i177r2u3m53m0af8h0qt9al",
            "special": false,
            "upper": false
          },
          "sensitive_attributes": [],
          "private": "eyJzY2hlbWFfdmVyc2lvbiI6IjEifQ=="
        }
      ]
    }
  ]
}
